
Microsoft Visual Studio Solution File, Format Version 12.00
# Visual Studio Version 17
VisualStudioVersion = 17.5.002.0
MinimumVisualStudioVersion = 10.0.40219.1
Project("{2150E333-8FDC-42A3-9474-1A3956D46DE8}") = "prepare", "prepare", "{3F957D7C-2D9D-46DE-8121-E143900059FD}"
EndProject
Project("{9A19103F-16F7-4668-BE54-9A1E7A4F7556}") = "Learning02", "prepare\Learning02\Learning02.csproj", "{A170A147-1B9D-4AF0-8721-229B4C135BD1}"
EndProject
Project("{9A19103F-16F7-4668-BE54-9A1E7A4F7556}") = "Learning05", "prepare\Learning05\Learning05.csproj", "{6ED4D01D-83D9-411A-BC61-A37F9BCA9E52}"
EndProject
Project("{9A19103F-16F7-4668-BE54-9A1E7A4F7556}") = "Learning04", "prepare\Learning04\Learning04.csproj", "{7C330553-62E0-4CD5-8A51-67A7F7E95865}"
EndProject
Project("{9A19103F-16F7-4668-BE54-9A1E7A4F7556}") = "Learning03", "prepare\Learning03\Learning03.csproj", "{5B1A4BB9-FD7E-474B-ADB4-B0168410A4D6}"
EndProject
Project("{2150E333-8FDC-42A3-9474-1A3956D46DE8}") = "prove", "prove", "{0301804C-5D6D-42C0-B542-4ECF5AFAEAF8}"
EndProject
Project("{9A19103F-16F7-4668-BE54-9A1E7A4F7556}") = "Develop03", "prove\Develop03\Develop03.csproj", "{E3EFC4BB-B533-408D-831E-FD3B4018F22D}"
EndProject
Project("{9A19103F-16F7-4668-BE54-9A1E7A4F7556}") = "Develop04", "prove\Develop04\Develop04.csproj", "{63F61A07-1E71-4B26-B9A0-9429F2341C6F}"
EndProject
Project("{9A19103F-16F7-4668-BE54-9A1E7A4F7556}") = "Develop05", "prove\Develop05\Develop05.csproj", "{9CC7B9BF-90F3-498D-A9F6-7A8906FF3153}"
EndProject
Project("{9A19103F-16F7-4668-BE54-9A1E7A4F7556}") = "Develop02", "prove\Develop02\Develop02.csproj", "{359C6A65-5009-4ABB-9649-EBBB67521B2A}"
EndProject
Project("{2150E333-8FDC-42A3-9474-1A3956D46DE8}") = "sandbox", "sandbox", "{87B00068-CB7C-478F-A3A9-2BDC576D7622}"
EndProject
Project("{9A19103F-16F7-4668-BE54-9A1E7A4F7556}") = "Sandbox", "sandbox\Sandbox\Sandbox.csproj", "{D44E7B89-4481-4D91-B79B-4A2ECF4D99E3}"
EndProject
Project("{2150E333-8FDC-42A3-9474-1A3956D46DE8}") = "final", "final", "{C8535B94-DF57-442A-8B34-DE2DEE8A486A}"
EndProject
Project("{9A19103F-16F7-4668-BE54-9A1E7A4F7556}") = "FinalProject", "final\FinalProject\FinalProject.csproj", "{6F2FC15C-18A8-4EA6-B010-FDE7B25B5972}"
EndProject
Project("{9A19103F-16F7-4668-BE54-9A1E7A4F7556}") = "Foundation1", "final\Foundation1\Foundation1.csproj", "{56DED0A2-0237-4275-8051-2E1CE69AADD2}"
EndProject
Project("{9A19103F-16F7-4668-BE54-9A1E7A4F7556}") = "Foundation4", "final\Foundation4\Foundation4.csproj", "{61354285-B39F-4AEA-888B-1BAF385C7513}"
EndProject
Project("{9A19103F-16F7-4668-BE54-9A1E7A4F7556}") = "Foundation3", "final\Foundation3\Foundation3.csproj", "{844F445F-55B0-43C9-9C0C-22B9E4AF25B2}"
EndProject
Project("{9A19103F-16F7-4668-BE54-9A1E7A4F7556}") = "Foundation2", "final\Foundation2\Foundation2.csproj", "{065FABA4-8C71-41C2-A46E-020BC1D074D3}"
EndProject
Project("{2150E333-8FDC-42A3-9474-1A3956D46DE8}") = "csharp-prep", "csharp-prep", "{D4C88561-3A80-4562-9F47-A45558415F9B}"
EndProject
Project("{9A19103F-16F7-4668-BE54-9A1E7A4F7556}") = "Prep1", "csharp-prep\Prep1\Prep1.csproj", "{D9F7ADF7-A45D-4A21-919C-A1425F77951C}"
EndProject
Project("{9A19103F-16F7-4668-BE54-9A1E7A4F7556}") = "Prep5", "csharp-prep\Prep5\Prep5.csproj", "{55303DE1-F07E-4C52-8158-4D96BBC2F814}"
EndProject
Project("{9A19103F-16F7-4668-BE54-9A1E7A4F7556}") = "Prep2", "csharp-prep\Prep2\Prep2.csproj", "{F0592E82-61CC-43D2-A81B-2364D0BEA8E1}"
EndProject
Project("{9A19103F-16F7-4668-BE54-9A1E7A4F7556}") = "Prep3", "csharp-prep\Prep3\Prep3.csproj", "{6C63E930-8057-4648-B53E-6EA031994BD5}"
EndProject
Project("{9A19103F-16F7-4668-BE54-9A1E7A4F7556}") = "Prep4", "csharp-prep\Prep4\Prep4.csproj", "{7EA1C1A0-2B0F-462D-901A-80DA5E13270F}"
EndProject
Global
	GlobalSection(SolutionConfigurationPlatforms) = preSolution
		Debug|Any CPU = Debug|Any CPU
		Release|Any CPU = Release|Any CPU
	EndGlobalSection
	GlobalSection(ProjectConfigurationPlatforms) = postSolution
		{A170A147-1B9D-4AF0-8721-229B4C135BD1}.Debug|Any CPU.ActiveCfg = Debug|Any CPU
		{A170A147-1B9D-4AF0-8721-229B4C135BD1}.Debug|Any CPU.Build.0 = Debug|Any CPU
		{A170A147-1B9D-4AF0-8721-229B4C135BD1}.Release|Any CPU.ActiveCfg = Release|Any CPU
		{A170A147-1B9D-4AF0-8721-229B4C135BD1}.Release|Any CPU.Build.0 = Release|Any CPU
		{6ED4D01D-83D9-411A-BC61-A37F9BCA9E52}.Debug|Any CPU.ActiveCfg = Debug|Any CPU
		{6ED4D01D-83D9-411A-BC61-A37F9BCA9E52}.Debug|Any CPU.Build.0 = Debug|Any CPU
		{6ED4D01D-83D9-411A-BC61-A37F9BCA9E52}.Release|Any CPU.ActiveCfg = Release|Any CPU
		{6ED4D01D-83D9-411A-BC61-A37F9BCA9E52}.Release|Any CPU.Build.0 = Release|Any CPU
		{7C330553-62E0-4CD5-8A51-67A7F7E95865}.Debug|Any CPU.ActiveCfg = Debug|Any CPU
		{7C330553-62E0-4CD5-8A51-67A7F7E95865}.Debug|Any CPU.Build.0 = Debug|Any CPU
		{7C330553-62E0-4CD5-8A51-67A7F7E95865}.Release|Any CPU.ActiveCfg = Release|Any CPU
		{7C330553-62E0-4CD5-8A51-67A7F7E95865}.Release|Any CPU.Build.0 = Release|Any CPU
		{5B1A4BB9-FD7E-474B-ADB4-B0168410A4D6}.Debug|Any CPU.ActiveCfg = Debug|Any CPU
		{5B1A4BB9-FD7E-474B-ADB4-B0168410A4D6}.Debug|Any CPU.Build.0 = Debug|Any CPU
		{5B1A4BB9-FD7E-474B-ADB4-B0168410A4D6}.Release|Any CPU.ActiveCfg = Release|Any CPU
		{5B1A4BB9-FD7E-474B-ADB4-B0168410A4D6}.Release|Any CPU.Build.0 = Release|Any CPU
		{E3EFC4BB-B533-408D-831E-FD3B4018F22D}.Debug|Any CPU.ActiveCfg = Debug|Any CPU
		{E3EFC4BB-B533-408D-831E-FD3B4018F22D}.Debug|Any CPU.Build.0 = Debug|Any CPU
		{E3EFC4BB-B533-408D-831E-FD3B4018F22D}.Release|Any CPU.ActiveCfg = Release|Any CPU
		{E3EFC4BB-B533-408D-831E-FD3B4018F22D}.Release|Any CPU.Build.0 = Release|Any CPU
		{63F61A07-1E71-4B26-B9A0-9429F2341C6F}.Debug|Any CPU.ActiveCfg = Debug|Any CPU
		{63F61A07-1E71-4B26-B9A0-9429F2341C6F}.Debug|Any CPU.Build.0 = Debug|Any CPU
		{63F61A07-1E71-4B26-B9A0-9429F2341C6F}.Release|Any CPU.ActiveCfg = Release|Any CPU
		{63F61A07-1E71-4B26-B9A0-9429F2341C6F}.Release|Any CPU.Build.0 = Release|Any CPU
		{9CC7B9BF-90F3-498D-A9F6-7A8906FF3153}.Debug|Any CPU.ActiveCfg = Debug|Any CPU
		{9CC7B9BF-90F3-498D-A9F6-7A8906FF3153}.Debug|Any CPU.Build.0 = Debug|Any CPU
		{9CC7B9BF-90F3-498D-A9F6-7A8906FF3153}.Release|Any CPU.ActiveCfg = Release|Any CPU
		{9CC7B9BF-90F3-498D-A9F6-7A8906FF3153}.Release|Any CPU.Build.0 = Release|Any CPU
		{359C6A65-5009-4ABB-9649-EBBB67521B2A}.Debug|Any CPU.ActiveCfg = Debug|Any CPU
		{359C6A65-5009-4ABB-9649-EBBB67521B2A}.Debug|Any CPU.Build.0 = Debug|Any CPU
		{359C6A65-5009-4ABB-9649-EBBB67521B2A}.Release|Any CPU.ActiveCfg = Release|Any CPU
		{359C6A65-5009-4ABB-9649-EBBB67521B2A}.Release|Any CPU.Build.0 = Release|Any CPU
		{D44E7B89-4481-4D91-B79B-4A2ECF4D99E3}.Debug|Any CPU.ActiveCfg = Debug|Any CPU
		{D44E7B89-4481-4D91-B79B-4A2ECF4D99E3}.Debug|Any CPU.Build.0 = Debug|Any CPU
		{D44E7B89-4481-4D91-B79B-4A2ECF4D99E3}.Release|Any CPU.ActiveCfg = Release|Any CPU
		{D44E7B89-4481-4D91-B79B-4A2ECF4D99E3}.Release|Any CPU.Build.0 = Release|Any CPU
		{6F2FC15C-18A8-4EA6-B010-FDE7B25B5972}.Debug|Any CPU.ActiveCfg = Debug|Any CPU
		{6F2FC15C-18A8-4EA6-B010-FDE7B25B5972}.Debug|Any CPU.Build.0 = Debug|Any CPU
		{6F2FC15C-18A8-4EA6-B010-FDE7B25B5972}.Release|Any CPU.ActiveCfg = Release|Any CPU
		{6F2FC15C-18A8-4EA6-B010-FDE7B25B5972}.Release|Any CPU.Build.0 = Release|Any CPU
		{56DED0A2-0237-4275-8051-2E1CE69AADD2}.Debug|Any CPU.ActiveCfg = Debug|Any CPU
		{56DED0A2-0237-4275-8051-2E1CE69AADD2}.Debug|Any CPU.Build.0 = Debug|Any CPU
		{56DED0A2-0237-4275-8051-2E1CE69AADD2}.Release|Any CPU.ActiveCfg = Release|Any CPU
		{56DED0A2-0237-4275-8051-2E1CE69AADD2}.Release|Any CPU.Build.0 = Release|Any CPU
		{61354285-B39F-4AEA-888B-1BAF385C7513}.Debug|Any CPU.ActiveCfg = Debug|Any CPU
		{61354285-B39F-4AEA-888B-1BAF385C7513}.Debug|Any CPU.Build.0 = Debug|Any CPU
		{61354285-B39F-4AEA-888B-1BAF385C7513}.Release|Any CPU.ActiveCfg = Release|Any CPU
		{61354285-B39F-4AEA-888B-1BAF385C7513}.Release|Any CPU.Build.0 = Release|Any CPU
		{844F445F-55B0-43C9-9C0C-22B9E4AF25B2}.Debug|Any CPU.ActiveCfg = Debug|Any CPU
		{844F445F-55B0-43C9-9C0C-22B9E4AF25B2}.Debug|Any CPU.Build.0 = Debug|Any CPU
		{844F445F-55B0-43C9-9C0C-22B9E4AF25B2}.Release|Any CPU.ActiveCfg = Release|Any CPU
		{844F445F-55B0-43C9-9C0C-22B9E4AF25B2}.Release|Any CPU.Build.0 = Release|Any CPU
		{065FABA4-8C71-41C2-A46E-020BC1D074D3}.Debug|Any CPU.ActiveCfg = Debug|Any CPU
		{065FABA4-8C71-41C2-A46E-020BC1D074D3}.Debug|Any CPU.Build.0 = Debug|Any CPU
		{065FABA4-8C71-41C2-A46E-020BC1D074D3}.Release|Any CPU.ActiveCfg = Release|Any CPU
		{065FABA4-8C71-41C2-A46E-020BC1D074D3}.Release|Any CPU.Build.0 = Release|Any CPU
		{D9F7ADF7-A45D-4A21-919C-A1425F77951C}.Debug|Any CPU.ActiveCfg = Debug|Any CPU
		{D9F7ADF7-A45D-4A21-919C-A1425F77951C}.Debug|Any CPU.Build.0 = Debug|Any CPU
		{D9F7ADF7-A45D-4A21-919C-A1425F77951C}.Release|Any CPU.ActiveCfg = Release|Any CPU
		{D9F7ADF7-A45D-4A21-919C-A1425F77951C}.Release|Any CPU.Build.0 = Release|Any CPU
		{55303DE1-F07E-4C52-8158-4D96BBC2F814}.Debug|Any CPU.ActiveCfg = Debug|Any CPU
		{55303DE1-F07E-4C52-8158-4D96BBC2F814}.Debug|Any CPU.Build.0 = Debug|Any CPU
		{55303DE1-F07E-4C52-8158-4D96BBC2F814}.Release|Any CPU.ActiveCfg = Release|Any CPU
		{55303DE1-F07E-4C52-8158-4D96BBC2F814}.Release|Any CPU.Build.0 = Release|Any CPU
		{F0592E82-61CC-43D2-A81B-2364D0BEA8E1}.Debug|Any CPU.ActiveCfg = Debug|Any CPU
		{F0592E82-61CC-43D2-A81B-2364D0BEA8E1}.Debug|Any CPU.Build.0 = Debug|Any CPU
		{F0592E82-61CC-43D2-A81B-2364D0BEA8E1}.Release|Any CPU.ActiveCfg = Release|Any CPU
		{F0592E82-61CC-43D2-A81B-2364D0BEA8E1}.Release|Any CPU.Build.0 = Release|Any CPU
		{6C63E930-8057-4648-B53E-6EA031994BD5}.Debug|Any CPU.ActiveCfg = Debug|Any CPU
		{6C63E930-8057-4648-B53E-6EA031994BD5}.Debug|Any CPU.Build.0 = Debug|Any CPU
		{6C63E930-8057-4648-B53E-6EA031994BD5}.Release|Any CPU.ActiveCfg = Release|Any CPU
		{6C63E930-8057-4648-B53E-6EA031994BD5}.Release|Any CPU.Build.0 = Release|Any CPU
		{7EA1C1A0-2B0F-462D-901A-80DA5E13270F}.Debug|Any CPU.ActiveCfg = Debug|Any CPU
		{7EA1C1A0-2B0F-462D-901A-80DA5E13270F}.Debug|Any CPU.Build.0 = Debug|Any CPU
		{7EA1C1A0-2B0F-462D-901A-80DA5E13270F}.Release|Any CPU.ActiveCfg = Release|Any CPU
		{7EA1C1A0-2B0F-462D-901A-80DA5E13270F}.Release|Any CPU.Build.0 = Release|Any CPU
	EndGlobalSection
	GlobalSection(SolutionProperties) = preSolution
		HideSolutionNode = FALSE
	EndGlobalSection
	GlobalSection(NestedProjects) = preSolution
		{A170A147-1B9D-4AF0-8721-229B4C135BD1} = {3F957D7C-2D9D-46DE-8121-E143900059FD}
		{6ED4D01D-83D9-411A-BC61-A37F9BCA9E52} = {3F957D7C-2D9D-46DE-8121-E143900059FD}
		{7C330553-62E0-4CD5-8A51-67A7F7E95865} = {3F957D7C-2D9D-46DE-8121-E143900059FD}
		{5B1A4BB9-FD7E-474B-ADB4-B0168410A4D6} = {3F957D7C-2D9D-46DE-8121-E143900059FD}
		{E3EFC4BB-B533-408D-831E-FD3B4018F22D} = {0301804C-5D6D-42C0-B542-4ECF5AFAEAF8}
		{63F61A07-1E71-4B26-B9A0-9429F2341C6F} = {0301804C-5D6D-42C0-B542-4ECF5AFAEAF8}
		{9CC7B9BF-90F3-498D-A9F6-7A8906FF3153} = {0301804C-5D6D-42C0-B542-4ECF5AFAEAF8}
		{359C6A65-5009-4ABB-9649-EBBB67521B2A} = {0301804C-5D6D-42C0-B542-4ECF5AFAEAF8}
		{D44E7B89-4481-4D91-B79B-4A2ECF4D99E3} = {87B00068-CB7C-478F-A3A9-2BDC576D7622}
		{6F2FC15C-18A8-4EA6-B010-FDE7B25B5972} = {C8535B94-DF57-442A-8B34-DE2DEE8A486A}
		{56DED0A2-0237-4275-8051-2E1CE69AADD2} = {C8535B94-DF57-442A-8B34-DE2DEE8A486A}
		{61354285-B39F-4AEA-888B-1BAF385C7513} = {C8535B94-DF57-442A-8B34-DE2DEE8A486A}
		{844F445F-55B0-43C9-9C0C-22B9E4AF25B2} = {C8535B94-DF57-442A-8B34-DE2DEE8A486A}
		{065FABA4-8C71-41C2-A46E-020BC1D074D3} = {C8535B94-DF57-442A-8B34-DE2DEE8A486A}
		{D9F7ADF7-A45D-4A21-919C-A1425F77951C} = {D4C88561-3A80-4562-9F47-A45558415F9B}
		{55303DE1-F07E-4C52-8158-4D96BBC2F814} = {D4C88561-3A80-4562-9F47-A45558415F9B}
		{F0592E82-61CC-43D2-A81B-2364D0BEA8E1} = {D4C88561-3A80-4562-9F47-A45558415F9B}
		{6C63E930-8057-4648-B53E-6EA031994BD5} = {D4C88561-3A80-4562-9F47-A45558415F9B}
		{7EA1C1A0-2B0F-462D-901A-80DA5E13270F} = {D4C88561-3A80-4562-9F47-A45558415F9B}
	EndGlobalSection
	GlobalSection(ExtensibilityGlobals) = postSolution
		SolutionGuid = {ACEE02D9-A793-4856-8954-FE91218CAD2C}
	EndGlobalSection
EndGlobal
